// !$*UTF8*$!
{
	archiveVersion = 1;
	classes = {
	};
	objectVersion = 46;
	objects = {

/* Begin PBXBuildFile section */
		302CAD121DA68C4900EE0349 /* CustomCollectionViewCell.m in Sources */ = {isa = PBXBuildFile; fileRef = 302CAD101DA68C4900EE0349 /* CustomCollectionViewCell.m */; };
		3033CE001DA554B500A6FAFA /* main.m in Sources */ = {isa = PBXBuildFile; fileRef = 3033CDFF1DA554B500A6FAFA /* main.m */; };
		3033CE031DA554B500A6FAFA /* AppDelegate.m in Sources */ = {isa = PBXBuildFile; fileRef = 3033CE021DA554B500A6FAFA /* AppDelegate.m */; };
		3033CE061DA554B500A6FAFA /* LunchViewController.m in Sources */ = {isa = PBXBuildFile; fileRef = 3033CE051DA554B500A6FAFA /* LunchViewController.m */; };
		3033CE091DA554B500A6FAFA /* InternetsViewController.m in Sources */ = {isa = PBXBuildFile; fileRef = 3033CE081DA554B500A6FAFA /* InternetsViewController.m */; };
		3033CE0C1DA554B500A6FAFA /* Main.storyboard in Resources */ = {isa = PBXBuildFile; fileRef = 3033CE0A1DA554B500A6FAFA /* Main.storyboard */; };
		3033CE0E1DA554B500A6FAFA /* Assets.xcassets in Resources */ = {isa = PBXBuildFile; fileRef = 3033CE0D1DA554B500A6FAFA /* Assets.xcassets */; };
		3033CE111DA554B500A6FAFA /* LaunchScreen.storyboard in Resources */ = {isa = PBXBuildFile; fileRef = 3033CE0F1DA554B500A6FAFA /* LaunchScreen.storyboard */; };
		309C31C31DA624FB006FDA05 /* cellGradientBackground@2x.png in Resources */ = {isa = PBXBuildFile; fileRef = 309C31B31DA624FB006FDA05 /* cellGradientBackground@2x.png */; };
		309C31C41DA624FB006FDA05 /* cellGradientBackground@3x.png in Resources */ = {isa = PBXBuildFile; fileRef = 309C31B41DA624FB006FDA05 /* cellGradientBackground@3x.png */; };
		309C31C51DA624FB006FDA05 /* ic_close@2x.png in Resources */ = {isa = PBXBuildFile; fileRef = 309C31B51DA624FB006FDA05 /* ic_close@2x.png */; };
		309C31C61DA624FB006FDA05 /* ic_close@3x.png in Resources */ = {isa = PBXBuildFile; fileRef = 309C31B61DA624FB006FDA05 /* ic_close@3x.png */; };
		309C31C71DA624FB006FDA05 /* ic_webBack@2x.png in Resources */ = {isa = PBXBuildFile; fileRef = 309C31B71DA624FB006FDA05 /* ic_webBack@2x.png */; };
		309C31C81DA624FB006FDA05 /* ic_webBack@3x.png in Resources */ = {isa = PBXBuildFile; fileRef = 309C31B81DA624FB006FDA05 /* ic_webBack@3x.png */; };
		309C31C91DA624FB006FDA05 /* ic_webForward@2x.png in Resources */ = {isa = PBXBuildFile; fileRef = 309C31B91DA624FB006FDA05 /* ic_webForward@2x.png */; };
		309C31CA1DA624FB006FDA05 /* ic_webForward@3x.png in Resources */ = {isa = PBXBuildFile; fileRef = 309C31BA1DA624FB006FDA05 /* ic_webForward@3x.png */; };
		309C31CB1DA624FB006FDA05 /* ic_webRefresh@2x.png in Resources */ = {isa = PBXBuildFile; fileRef = 309C31BB1DA624FB006FDA05 /* ic_webRefresh@2x.png */; };
		309C31CC1DA624FB006FDA05 /* ic_webRefresh@3x.png in Resources */ = {isa = PBXBuildFile; fileRef = 309C31BC1DA624FB006FDA05 /* ic_webRefresh@3x.png */; };
		309C31CD1DA624FB006FDA05 /* icon_map@2x.png in Resources */ = {isa = PBXBuildFile; fileRef = 309C31BD1DA624FB006FDA05 /* icon_map@2x.png */; };
		309C31CE1DA624FB006FDA05 /* icon_map@3x.png in Resources */ = {isa = PBXBuildFile; fileRef = 309C31BE1DA624FB006FDA05 /* icon_map@3x.png */; };
		309C31CF1DA624FB006FDA05 /* tab_internets@2x.png in Resources */ = {isa = PBXBuildFile; fileRef = 309C31BF1DA624FB006FDA05 /* tab_internets@2x.png */; };
		309C31D01DA624FB006FDA05 /* tab_internets@3x.png in Resources */ = {isa = PBXBuildFile; fileRef = 309C31C01DA624FB006FDA05 /* tab_internets@3x.png */; };
		309C31D11DA624FB006FDA05 /* tab_lunch@2x.png in Resources */ = {isa = PBXBuildFile; fileRef = 309C31C11DA624FB006FDA05 /* tab_lunch@2x.png */; };
		309C31D21DA624FB006FDA05 /* tab_lunch@3x.png in Resources */ = {isa = PBXBuildFile; fileRef = 309C31C21DA624FB006FDA05 /* tab_lunch@3x.png */; };
/* End PBXBuildFile section */

/* Begin PBXFileReference section */
		302CAD0F1DA68C4900EE0349 /* CustomCollectionViewCell.h */ = {isa = PBXFileReference; fileEncoding = 4; lastKnownFileType = sourcecode.c.h; path = CustomCollectionViewCell.h; sourceTree = "<group>"; };
		302CAD101DA68C4900EE0349 /* CustomCollectionViewCell.m */ = {isa = PBXFileReference; fileEncoding = 4; lastKnownFileType = sourcecode.c.objc; path = CustomCollectionViewCell.m; sourceTree = "<group>"; };
		302CAD1F1DA6924500EE0349 /* IModelBasedCell.h */ = {isa = PBXFileReference; fileEncoding = 4; lastKnownFileType = sourcecode.c.h; path = IModelBasedCell.h; sourceTree = "<group>"; };
		3033CDFB1DA554B400A6FAFA /* Restaurantes.app */ = {isa = PBXFileReference; explicitFileType = wrapper.application; includeInIndex = 0; path = Restaurantes.app; sourceTree = BUILT_PRODUCTS_DIR; };
		3033CDFF1DA554B500A6FAFA /* main.m */ = {isa = PBXFileReference; lastKnownFileType = sourcecode.c.objc; path = main.m; sourceTree = "<group>"; };
		3033CE011DA554B500A6FAFA /* AppDelegate.h */ = {isa = PBXFileReference; lastKnownFileType = sourcecode.c.h; path = AppDelegate.h; sourceTree = "<group>"; };
		3033CE021DA554B500A6FAFA /* AppDelegate.m */ = {isa = PBXFileReference; lastKnownFileType = sourcecode.c.objc; path = AppDelegate.m; sourceTree = "<group>"; };
		3033CE041DA554B500A6FAFA /* LunchViewController.h */ = {isa = PBXFileReference; lastKnownFileType = sourcecode.c.h; path = LunchViewController.h; sourceTree = "<group>"; };
		3033CE051DA554B500A6FAFA /* LunchViewController.m */ = {isa = PBXFileReference; lastKnownFileType = sourcecode.c.objc; path = LunchViewController.m; sourceTree = "<group>"; };
		3033CE071DA554B500A6FAFA /* InternetsViewController.h */ = {isa = PBXFileReference; lastKnownFileType = sourcecode.c.h; path = InternetsViewController.h; sourceTree = "<group>"; };
		3033CE081DA554B500A6FAFA /* InternetsViewController.m */ = {isa = PBXFileReference; lastKnownFileType = sourcecode.c.objc; path = InternetsViewController.m; sourceTree = "<group>"; };
		3033CE0B1DA554B500A6FAFA /* Base */ = {isa = PBXFileReference; lastKnownFileType = file.storyboard; name = Base; path = Base.lproj/Main.storyboard; sourceTree = "<group>"; };
		3033CE0D1DA554B500A6FAFA /* Assets.xcassets */ = {isa = PBXFileReference; lastKnownFileType = folder.assetcatalog; path = Assets.xcassets; sourceTree = "<group>"; };
		3033CE101DA554B500A6FAFA /* Base */ = {isa = PBXFileReference; lastKnownFileType = file.storyboard; name = Base; path = Base.lproj/LaunchScreen.storyboard; sourceTree = "<group>"; };
		3033CE121DA554B500A6FAFA /* Info.plist */ = {isa = PBXFileReference; lastKnownFileType = text.plist.xml; path = Info.plist; sourceTree = "<group>"; };
		309C31B31DA624FB006FDA05 /* cellGradientBackground@2x.png */ = {isa = PBXFileReference; lastKnownFileType = image.png; name = "cellGradientBackground@2x.png"; path = "Resources/cellGradientBackground@2x.png"; sourceTree = SOURCE_ROOT; };
		309C31B41DA624FB006FDA05 /* cellGradientBackground@3x.png */ = {isa = PBXFileReference; lastKnownFileType = image.png; name = "cellGradientBackground@3x.png"; path = "Resources/cellGradientBackground@3x.png"; sourceTree = SOURCE_ROOT; };
		309C31B51DA624FB006FDA05 /* ic_close@2x.png */ = {isa = PBXFileReference; lastKnownFileType = image.png; name = "ic_close@2x.png"; path = "Resources/ic_close@2x.png"; sourceTree = SOURCE_ROOT; };
		309C31B61DA624FB006FDA05 /* ic_close@3x.png */ = {isa = PBXFileReference; lastKnownFileType = image.png; name = "ic_close@3x.png"; path = "Resources/ic_close@3x.png"; sourceTree = SOURCE_ROOT; };
		309C31B71DA624FB006FDA05 /* ic_webBack@2x.png */ = {isa = PBXFileReference; lastKnownFileType = image.png; name = "ic_webBack@2x.png"; path = "Resources/ic_webBack@2x.png"; sourceTree = SOURCE_ROOT; };
		309C31B81DA624FB006FDA05 /* ic_webBack@3x.png */ = {isa = PBXFileReference; lastKnownFileType = image.png; name = "ic_webBack@3x.png"; path = "Resources/ic_webBack@3x.png"; sourceTree = SOURCE_ROOT; };
		309C31B91DA624FB006FDA05 /* ic_webForward@2x.png */ = {isa = PBXFileReference; lastKnownFileType = image.png; name = "ic_webForward@2x.png"; path = "Resources/ic_webForward@2x.png"; sourceTree = SOURCE_ROOT; };
		309C31BA1DA624FB006FDA05 /* ic_webForward@3x.png */ = {isa = PBXFileReference; lastKnownFileType = image.png; name = "ic_webForward@3x.png"; path = "Resources/ic_webForward@3x.png"; sourceTree = SOURCE_ROOT; };
		309C31BB1DA624FB006FDA05 /* ic_webRefresh@2x.png */ = {isa = PBXFileReference; lastKnownFileType = image.png; name = "ic_webRefresh@2x.png"; path = "Resources/ic_webRefresh@2x.png"; sourceTree = SOURCE_ROOT; };
		309C31BC1DA624FB006FDA05 /* ic_webRefresh@3x.png */ = {isa = PBXFileReference; lastKnownFileType = image.png; name = "ic_webRefresh@3x.png"; path = "Resources/ic_webRefresh@3x.png"; sourceTree = SOURCE_ROOT; };
		309C31BD1DA624FB006FDA05 /* icon_map@2x.png */ = {isa = PBXFileReference; lastKnownFileType = image.png; name = "icon_map@2x.png"; path = "Resources/icon_map@2x.png"; sourceTree = SOURCE_ROOT; };
		309C31BE1DA624FB006FDA05 /* icon_map@3x.png */ = {isa = PBXFileReference; lastKnownFileType = image.png; name = "icon_map@3x.png"; path = "Resources/icon_map@3x.png"; sourceTree = SOURCE_ROOT; };
		309C31BF1DA624FB006FDA05 /* tab_internets@2x.png */ = {isa = PBXFileReference; lastKnownFileType = image.png; name = "tab_internets@2x.png"; path = "Resources/tab_internets@2x.png"; sourceTree = SOURCE_ROOT; };
		309C31C01DA624FB006FDA05 /* tab_internets@3x.png */ = {isa = PBXFileReference; lastKnownFileType = image.png; name = "tab_internets@3x.png"; path = "Resources/tab_internets@3x.png"; sourceTree = SOURCE_ROOT; };
		309C31C11DA624FB006FDA05 /* tab_lunch@2x.png */ = {isa = PBXFileReference; lastKnownFileType = image.png; name = "tab_lunch@2x.png"; path = "Resources/tab_lunch@2x.png"; sourceTree = SOURCE_ROOT; };
		309C31C21DA624FB006FDA05 /* tab_lunch@3x.png */ = {isa = PBXFileReference; lastKnownFileType = image.png; name = "tab_lunch@3x.png"; path = "Resources/tab_lunch@3x.png"; sourceTree = SOURCE_ROOT; };
/* End PBXFileReference section */

/* Begin PBXFrameworksBuildPhase section */
		3033CDF81DA554B400A6FAFA /* Frameworks */ = {
			isa = PBXFrameworksBuildPhase;
			buildActionMask = 2147483647;
			files = (
			);
			runOnlyForDeploymentPostprocessing = 0;
		};
/* End PBXFrameworksBuildPhase section */

/* Begin PBXGroup section */
		302CACFD1DA667A000EE0349 /* Protocols */ = {
			isa = PBXGroup;
			children = (
				302CAD1F1DA6924500EE0349 /* IModelBasedCell.h */,
			);
			name = Protocols;
			sourceTree = "<group>";
		};
		302CAD0C1DA68A1000EE0349 /* Lunch */ = {
			isa = PBXGroup;
			children = (
				302CAD0E1DA68C0000EE0349 /* Artifacts */,
				302CACFD1DA667A000EE0349 /* Protocols */,
				3033CE041DA554B500A6FAFA /* LunchViewController.h */,
				3033CE051DA554B500A6FAFA /* LunchViewController.m */,
			);
			name = Lunch;
			sourceTree = "<group>";
		};
		302CAD0D1DA68A2000EE0349 /* Internets */ = {
			isa = PBXGroup;
			children = (
				3033CE071DA554B500A6FAFA /* InternetsViewController.h */,
				3033CE081DA554B500A6FAFA /* InternetsViewController.m */,
			);
			name = Internets;
			sourceTree = "<group>";
		};
		302CAD0E1DA68C0000EE0349 /* Artifacts */ = {
			isa = PBXGroup;
			children = (
				302CAD0F1DA68C4900EE0349 /* CustomCollectionViewCell.h */,
				302CAD101DA68C4900EE0349 /* CustomCollectionViewCell.m */,
			);
			name = Artifacts;
			sourceTree = "<group>";
		};
		3033CDF21DA554B400A6FAFA = {
			isa = PBXGroup;
			children = (
				3033CDFD1DA554B500A6FAFA /* Restaurantes */,
				3033CDFC1DA554B400A6FAFA /* Products */,
			);
			sourceTree = "<group>";
		};
		3033CDFC1DA554B400A6FAFA /* Products */ = {
			isa = PBXGroup;
			children = (
				3033CDFB1DA554B400A6FAFA /* Restaurantes.app */,
			);
			name = Products;
			sourceTree = "<group>";
		};
		3033CDFD1DA554B500A6FAFA /* Restaurantes */ = {
			isa = PBXGroup;
			children = (
				309C31B21DA624AF006FDA05 /* Resources */,
				309C31B11DA62492006FDA05 /* ViewControllers */,
				3033CE011DA554B500A6FAFA /* AppDelegate.h */,
				3033CE021DA554B500A6FAFA /* AppDelegate.m */,
				3033CE0A1DA554B500A6FAFA /* Main.storyboard */,
				3033CE0D1DA554B500A6FAFA /* Assets.xcassets */,
				3033CE0F1DA554B500A6FAFA /* LaunchScreen.storyboard */,
				3033CE121DA554B500A6FAFA /* Info.plist */,
				3033CDFE1DA554B500A6FAFA /* Supporting Files */,
			);
			path = Restaurantes;
			sourceTree = "<group>";
		};
		3033CDFE1DA554B500A6FAFA /* Supporting Files */ = {
			isa = PBXGroup;
			children = (
				3033CDFF1DA554B500A6FAFA /* main.m */,
			);
			name = "Supporting Files";
			sourceTree = "<group>";
		};
		309C31B11DA62492006FDA05 /* ViewControllers */ = {
			isa = PBXGroup;
			children = (
				302CAD0D1DA68A2000EE0349 /* Internets */,
				302CAD0C1DA68A1000EE0349 /* Lunch */,
			);
			name = ViewControllers;
			sourceTree = "<group>";
		};
		309C31B21DA624AF006FDA05 /* Resources */ = {
			isa = PBXGroup;
			children = (
				309C31B31DA624FB006FDA05 /* cellGradientBackground@2x.png */,
				309C31B41DA624FB006FDA05 /* cellGradientBackground@3x.png */,
				309C31B51DA624FB006FDA05 /* ic_close@2x.png */,
				309C31B61DA624FB006FDA05 /* ic_close@3x.png */,
				309C31B71DA624FB006FDA05 /* ic_webBack@2x.png */,
				309C31B81DA624FB006FDA05 /* ic_webBack@3x.png */,
				309C31B91DA624FB006FDA05 /* ic_webForward@2x.png */,
				309C31BA1DA624FB006FDA05 /* ic_webForward@3x.png */,
				309C31BB1DA624FB006FDA05 /* ic_webRefresh@2x.png */,
				309C31BC1DA624FB006FDA05 /* ic_webRefresh@3x.png */,
				309C31BD1DA624FB006FDA05 /* icon_map@2x.png */,
				309C31BE1DA624FB006FDA05 /* icon_map@3x.png */,
				309C31BF1DA624FB006FDA05 /* tab_internets@2x.png */,
				309C31C01DA624FB006FDA05 /* tab_internets@3x.png */,
				309C31C11DA624FB006FDA05 /* tab_lunch@2x.png */,
				309C31C21DA624FB006FDA05 /* tab_lunch@3x.png */,
			);
			name = Resources;
			sourceTree = "<group>";
		};
/* End PBXGroup section */

/* Begin PBXNativeTarget section */
		3033CDFA1DA554B400A6FAFA /* Restaurantes */ = {
			isa = PBXNativeTarget;
			buildConfigurationList = 3033CE151DA554B500A6FAFA /* Build configuration list for PBXNativeTarget "Restaurantes" */;
			buildPhases = (
				3033CDF71DA554B400A6FAFA /* Sources */,
				3033CDF81DA554B400A6FAFA /* Frameworks */,
				3033CDF91DA554B400A6FAFA /* Resources */,
			);
			buildRules = (
			);
			dependencies = (
			);
			name = Restaurantes;
			productName = Restaurantes;
			productReference = 3033CDFB1DA554B400A6FAFA /* Restaurantes.app */;
			productType = "com.apple.product-type.application";
		};
/* End PBXNativeTarget section */

/* Begin PBXProject section */
		3033CDF31DA554B400A6FAFA /* Project object */ = {
			isa = PBXProject;
			attributes = {
				LastUpgradeCheck = 0800;
				ORGANIZATIONNAME = RGStudio;
				TargetAttributes = {
					3033CDFA1DA554B400A6FAFA = {
						CreatedOnToolsVersion = 8.0;
						DevelopmentTeam = 36CDGH73DP;
						ProvisioningStyle = Automatic;
					};
				};
			};
			buildConfigurationList = 3033CDF61DA554B400A6FAFA /* Build configuration list for PBXProject "Restaurantes" */;
			compatibilityVersion = "Xcode 3.2";
			developmentRegion = English;
			hasScannedForEncodings = 0;
			knownRegions = (
				en,
				Base,
			);
			mainGroup = 3033CDF21DA554B400A6FAFA;
			productRefGroup = 3033CDFC1DA554B400A6FAFA /* Products */;
			projectDirPath = "";
			projectRoot = "";
			targets = (
				3033CDFA1DA554B400A6FAFA /* Restaurantes */,
			);
		};
/* End PBXProject section */

/* Begin PBXResourcesBuildPhase section */
		3033CDF91DA554B400A6FAFA /* Resources */ = {
			isa = PBXResourcesBuildPhase;
			buildActionMask = 2147483647;
			files = (
				309C31C71DA624FB006FDA05 /* ic_webBack@2x.png in Resources */,
				309C31CE1DA624FB006FDA05 /* icon_map@3x.png in Resources */,
				309C31C31DA624FB006FDA05 /* cellGradientBackground@2x.png in Resources */,
				309C31D21DA624FB006FDA05 /* tab_lunch@3x.png in Resources */,
				309C31CF1DA624FB006FDA05 /* tab_internets@2x.png in Resources */,
				309C31C81DA624FB006FDA05 /* ic_webBack@3x.png in Resources */,
				309C31C51DA624FB006FDA05 /* ic_close@2x.png in Resources */,
				3033CE111DA554B500A6FAFA /* LaunchScreen.storyboard in Resources */,
				3033CE0E1DA554B500A6FAFA /* Assets.xcassets in Resources */,
				309C31CC1DA624FB006FDA05 /* ic_webRefresh@3x.png in Resources */,
				3033CE0C1DA554B500A6FAFA /* Main.storyboard in Resources */,
				309C31C41DA624FB006FDA05 /* cellGradientBackground@3x.png in Resources */,
				309C31C61DA624FB006FDA05 /* ic_close@3x.png in Resources */,
				309C31CB1DA624FB006FDA05 /* ic_webRefresh@2x.png in Resources */,
				309C31D11DA624FB006FDA05 /* tab_lunch@2x.png in Resources */,
				309C31D01DA624FB006FDA05 /* tab_internets@3x.png in Resources */,
				309C31CA1DA624FB006FDA05 /* ic_webForward@3x.png in Resources */,
				309C31CD1DA624FB006FDA05 /* icon_map@2x.png in Resources */,
				309C31C91DA624FB006FDA05 /* ic_webForward@2x.png in Resources */,
			);
			runOnlyForDeploymentPostprocessing = 0;
		};
/* End PBXResourcesBuildPhase section */

/* Begin PBXSourcesBuildPhase section */
		3033CDF71DA554B400A6FAFA /* Sources */ = {
			isa = PBXSourcesBuildPhase;
			buildActionMask = 2147483647;
			files = (
				3033CE091DA554B500A6FAFA /* InternetsViewController.m in Sources */,
				3033CE031DA554B500A6FAFA /* AppDelegate.m in Sources */,
				302CAD121DA68C4900EE0349 /* CustomCollectionViewCell.m in Sources */,
				3033CE061DA554B500A6FAFA /* LunchViewController.m in Sources */,
				3033CE001DA554B500A6FAFA /* main.m in Sources */,
			);
			runOnlyForDeploymentPostprocessing = 0;
		};
/* End PBXSourcesBuildPhase section */

/* Begin PBXVariantGroup section */
		3033CE0A1DA554B500A6FAFA /* Main.storyboard */ = {
			isa = PBXVariantGroup;
			children = (
				3033CE0B1DA554B500A6FAFA /* Base */,
			);
			name = Main.storyboard;
			sourceTree = "<group>";
		};
		3033CE0F1DA554B500A6FAFA /* LaunchScreen.storyboard */ = {
			isa = PBXVariantGroup;
			children = (
				3033CE101DA554B500A6FAFA /* Base */,
			);
			name = LaunchScreen.storyboard;
			sourceTree = "<group>";
		};
/* End PBXVariantGroup section */

/* Begin XCBuildConfiguration section */
		3033CE131DA554B500A6FAFA /* Debug */ = {
			isa = XCBuildConfiguration;
			buildSettings = {
				ALWAYS_SEARCH_USER_PATHS = NO;
				CLANG_ANALYZER_NONNULL = YES;
				CLANG_CXX_LANGUAGE_STANDARD = "gnu++0x";
				CLANG_CXX_LIBRARY = "libc++";
				CLANG_ENABLE_MODULES = YES;
				CLANG_ENABLE_OBJC_ARC = YES;
				CLANG_WARN_BOOL_CONVERSION = YES;
				CLANG_WARN_CONSTANT_CONVERSION = YES;
				CLANG_WARN_DIRECT_OBJC_ISA_USAGE = YES_ERROR;
				CLANG_WARN_DOCUMENTATION_COMMENTS = YES;
				CLANG_WARN_EMPTY_BODY = YES;
				CLANG_WARN_ENUM_CONVERSION = YES;
				CLANG_WARN_INFINITE_RECURSION = YES;
				CLANG_WARN_INT_CONVERSION = YES;
				CLANG_WARN_OBJC_ROOT_CLASS = YES_ERROR;
				CLANG_WARN_SUSPICIOUS_MOVES = YES;
				CLANG_WARN_UNREACHABLE_CODE = YES;
				CLANG_WARN__DUPLICATE_METHOD_MATCH = YES;
				"CODE_SIGN_IDENTITY[sdk=iphoneos*]" = "iPhone Developer";
				COPY_PHASE_STRIP = NO;
				DEBUG_INFORMATION_FORMAT = dwarf;
				ENABLE_STRICT_OBJC_MSGSEND = YES;
				ENABLE_TESTABILITY = YES;
				GCC_C_LANGUAGE_STANDARD = gnu99;
				GCC_DYNAMIC_NO_PIC = NO;
				GCC_NO_COMMON_BLOCKS = YES;
				GCC_OPTIMIZATION_LEVEL = 0;
				GCC_PREPROCESSOR_DEFINITIONS = (
					"DEBUG=1",
					"$(inherited)",
				);
				GCC_WARN_64_TO_32_BIT_CONVERSION = YES;
				GCC_WARN_ABOUT_RETURN_TYPE = YES_ERROR;
				GCC_WARN_UNDECLARED_SELECTOR = YES;
				GCC_WARN_UNINITIALIZED_AUTOS = YES_AGGRESSIVE;
				GCC_WARN_UNUSED_FUNCTION = YES;
				GCC_WARN_UNUSED_VARIABLE = YES;
				IPHONEOS_DEPLOYMENT_TARGET = 10.0;
				MTL_ENABLE_DEBUG_INFO = YES;
				ONLY_ACTIVE_ARCH = YES;
				SDKROOT = iphoneos;
				TARGETED_DEVICE_FAMILY = "1,2";
			};
			name = Debug;
		};
		3033CE141DA554B500A6FAFA /* Release */ = {
			isa = XCBuildConfiguration;
			buildSettings = {
				ALWAYS_SEARCH_USER_PATHS = NO;
				CLANG_ANALYZER_NONNULL = YES;
				CLANG_CXX_LANGUAGE_STANDARD = "gnu++0x";
				CLANG_CXX_LIBRARY = "libc++";
				CLANG_ENABLE_MODULES = YES;
				CLANG_ENABLE_OBJC_ARC = YES;
				CLANG_WARN_BOOL_CONVERSION = YES;
				CLANG_WARN_CONSTANT_CONVERSION = YES;
				CLANG_WARN_DIRECT_OBJC_ISA_USAGE = YES_ERROR;
				CLANG_WARN_DOCUMENTATION_COMMENTS = YES;
				CLANG_WARN_EMPTY_BODY = YES;
				CLANG_WARN_ENUM_CONVERSION = YES;
				CLANG_WARN_INFINITE_RECURSION = YES;
				CLANG_WARN_INT_CONVERSION = YES;
				CLANG_WARN_OBJC_ROOT_CLASS = YES_ERROR;
				CLANG_WARN_SUSPICIOUS_MOVES = YES;
				CLANG_WARN_UNREACHABLE_CODE = YES;
				CLANG_WARN__DUPLICATE_METHOD_MATCH = YES;
				"CODE_SIGN_IDENTITY[sdk=iphoneos*]" = "iPhone Developer";
				COPY_PHASE_STRIP = NO;
				DEBUG_INFORMATION_FORMAT = "dwarf-with-dsym";
				ENABLE_NS_ASSERTIONS = NO;
				ENABLE_STRICT_OBJC_MSGSEND = YES;
				GCC_C_LANGUAGE_STANDARD = gnu99;
				GCC_NO_COMMON_BLOCKS = YES;
				GCC_WARN_64_TO_32_BIT_CONVERSION = YES;
				GCC_WARN_ABOUT_RETURN_TYPE = YES_ERROR;
				GCC_WARN_UNDECLARED_SELECTOR = YES;
				GCC_WARN_UNINITIALIZED_AUTOS = YES_AGGRESSIVE;
				GCC_WARN_UNUSED_FUNCTION = YES;
				GCC_WARN_UNUSED_VARIABLE = YES;
				IPHONEOS_DEPLOYMENT_TARGET = 10.0;
				MTL_ENABLE_DEBUG_INFO = NO;
				SDKROOT = iphoneos;
				TARGETED_DEVICE_FAMILY = "1,2";
				VALIDATE_PRODUCT = YES;
			};
			name = Release;
		};
		3033CE161DA554B500A6FAFA /* Debug */ = {
			isa = XCBuildConfiguration;
			buildSettings = {
				ASSETCATALOG_COMPILER_APPICON_NAME = AppIcon;
				DEVELOPMENT_TEAM = 36CDGH73DP;
				INFOPLIST_FILE = Restaurantes/Info.plist;
				IPHONEOS_DEPLOYMENT_TARGET = 10.0;
				LD_RUNPATH_SEARCH_PATHS = "$(inherited) @executable_path/Frameworks";
				PRODUCT_BUNDLE_IDENTIFIER = com.rgstudio.Restaurantes;
				PRODUCT_NAME = "$(TARGET_NAME)";
			};
			name = Debug;
		};
		3033CE171DA554B500A6FAFA /* Release */ = {
			isa = XCBuildConfiguration;
			buildSettings = {
				ASSETCATALOG_COMPILER_APPICON_NAME = AppIcon;
				DEVELOPMENT_TEAM = 36CDGH73DP;
				INFOPLIST_FILE = Restaurantes/Info.plist;
				IPHONEOS_DEPLOYMENT_TARGET = 10.0;
				LD_RUNPATH_SEARCH_PATHS = "$(inherited) @executable_path/Frameworks";
				PRODUCT_BUNDLE_IDENTIFIER = com.rgstudio.Restaurantes;
				PRODUCT_NAME = "$(TARGET_NAME)";
			};
			name = Release;
		};
/* End XCBuildConfiguration section */

/* Begin XCConfigurationList section */
		3033CDF61DA554B400A6FAFA /* Build configuration list for PBXProject "Restaurantes" */ = {
			isa = XCConfigurationList;
			buildConfigurations = (
				3033CE131DA554B500A6FAFA /* Debug */,
				3033CE141DA554B500A6FAFA /* Release */,
			);
			defaultConfigurationIsVisible = 0;
			defaultConfigurationName = Release;
		};
		3033CE151DA554B500A6FAFA /* Build configuration list for PBXNativeTarget "Restaurantes" */ = {
			isa = XCConfigurationList;
			buildConfigurations = (
				3033CE161DA554B500A6FAFA /* Debug */,
				3033CE171DA554B500A6FAFA /* Release */,
			);
			defaultConfigurationIsVisible = 0;
			defaultConfigurationName = Release;
		};
/* End XCConfigurationList section */
	};
	rootObject = 3033CDF31DA554B400A6FAFA /* Project object */;
}
