// !$*UTF8*$!
{
	archiveVersion = 1;
	classes = {
	};
	objectVersion = 46;
	objects = {

/* Begin PBXBuildFile section */
		3033CE001DA554B500A6FAFA /* main.m in Sources */ = {isa = PBXBuildFile; fileRef = 3033CDFF1DA554B500A6FAFA /* main.m */; };
		3033CE031DA554B500A6FAFA /* AppDelegate.m in Sources */ = {isa = PBXBuildFile; fileRef = 3033CE021DA554B500A6FAFA /* AppDelegate.m */; };
		3033CE061DA554B500A6FAFA /* FirstViewController.m in Sources */ = {isa = PBXBuildFile; fileRef = 3033CE051DA554B500A6FAFA /* FirstViewController.m */; };
		3033CE091DA554B500A6FAFA /* SecondViewController.m in Sources */ = {isa = PBXBuildFile; fileRef = 3033CE081DA554B500A6FAFA /* SecondViewController.m */; };
		3033CE0C1DA554B500A6FAFA /* Main.storyboard in Resources */ = {isa = PBXBuildFile; fileRef = 3033CE0A1DA554B500A6FAFA /* Main.storyboard */; };
		3033CE0E1DA554B500A6FAFA /* Assets.xcassets in Resources */ = {isa = PBXBuildFile; fileRef = 3033CE0D1DA554B500A6FAFA /* Assets.xcassets */; };
		3033CE111DA554B500A6FAFA /* LaunchScreen.storyboard in Resources */ = {isa = PBXBuildFile; fileRef = 3033CE0F1DA554B500A6FAFA /* LaunchScreen.storyboard */; };
/* End PBXBuildFile section */

/* Begin PBXFileReference section */
		3033CDFB1DA554B400A6FAFA /* Restaurantes.app */ = {isa = PBXFileReference; explicitFileType = wrapper.application; includeInIndex = 0; path = Restaurantes.app; sourceTree = BUILT_PRODUCTS_DIR; };
		3033CDFF1DA554B500A6FAFA /* main.m */ = {isa = PBXFileReference; lastKnownFileType = sourcecode.c.objc; path = main.m; sourceTree = "<group>"; };
		3033CE011DA554B500A6FAFA /* AppDelegate.h */ = {isa = PBXFileReference; lastKnownFileType = sourcecode.c.h; path = AppDelegate.h; sourceTree = "<group>"; };
		3033CE021DA554B500A6FAFA /* AppDelegate.m */ = {isa = PBXFileReference; lastKnownFileType = sourcecode.c.objc; path = AppDelegate.m; sourceTree = "<group>"; };
		3033CE041DA554B500A6FAFA /* FirstViewController.h */ = {isa = PBXFileReference; lastKnownFileType = sourcecode.c.h; path = FirstViewController.h; sourceTree = "<group>"; };
		3033CE051DA554B500A6FAFA /* FirstViewController.m */ = {isa = PBXFileReference; lastKnownFileType = sourcecode.c.objc; path = FirstViewController.m; sourceTree = "<group>"; };
		3033CE071DA554B500A6FAFA /* SecondViewController.h */ = {isa = PBXFileReference; lastKnownFileType = sourcecode.c.h; path = SecondViewController.h; sourceTree = "<group>"; };
		3033CE081DA554B500A6FAFA /* SecondViewController.m */ = {isa = PBXFileReference; lastKnownFileType = sourcecode.c.objc; path = SecondViewController.m; sourceTree = "<group>"; };
		3033CE0B1DA554B500A6FAFA /* Base */ = {isa = PBXFileReference; lastKnownFileType = file.storyboard; name = Base; path = Base.lproj/Main.storyboard; sourceTree = "<group>"; };
		3033CE0D1DA554B500A6FAFA /* Assets.xcassets */ = {isa = PBXFileReference; lastKnownFileType = folder.assetcatalog; path = Assets.xcassets; sourceTree = "<group>"; };
		3033CE101DA554B500A6FAFA /* Base */ = {isa = PBXFileReference; lastKnownFileType = file.storyboard; name = Base; path = Base.lproj/LaunchScreen.storyboard; sourceTree = "<group>"; };
		3033CE121DA554B500A6FAFA /* Info.plist */ = {isa = PBXFileReference; lastKnownFileType = text.plist.xml; path = Info.plist; sourceTree = "<group>"; };
/* End PBXFileReference section */

/* Begin PBXFrameworksBuildPhase section */
		3033CDF81DA554B400A6FAFA /* Frameworks */ = {
			isa = PBXFrameworksBuildPhase;
			buildActionMask = 2147483647;
			files = (
			);
			runOnlyForDeploymentPostprocessing = 0;
		};
/* End PBXFrameworksBuildPhase section */

/* Begin PBXGroup section */
		3033CDF21DA554B400A6FAFA = {
			isa = PBXGroup;
			children = (
				3033CDFD1DA554B500A6FAFA /* Restaurantes */,
				3033CDFC1DA554B400A6FAFA /* Products */,
			);
			sourceTree = "<group>";
		};
		3033CDFC1DA554B400A6FAFA /* Products */ = {
			isa = PBXGroup;
			children = (
				3033CDFB1DA554B400A6FAFA /* Restaurantes.app */,
			);
			name = Products;
			sourceTree = "<group>";
		};
		3033CDFD1DA554B500A6FAFA /* Restaurantes */ = {
			isa = PBXGroup;
			children = (
				3033CE011DA554B500A6FAFA /* AppDelegate.h */,
				3033CE021DA554B500A6FAFA /* AppDelegate.m */,
				3033CE041DA554B500A6FAFA /* FirstViewController.h */,
				3033CE051DA554B500A6FAFA /* FirstViewController.m */,
				3033CE071DA554B500A6FAFA /* SecondViewController.h */,
				3033CE081DA554B500A6FAFA /* SecondViewController.m */,
				3033CE0A1DA554B500A6FAFA /* Main.storyboard */,
				3033CE0D1DA554B500A6FAFA /* Assets.xcassets */,
				3033CE0F1DA554B500A6FAFA /* LaunchScreen.storyboard */,
				3033CE121DA554B500A6FAFA /* Info.plist */,
				3033CDFE1DA554B500A6FAFA /* Supporting Files */,
			);
			path = Restaurantes;
			sourceTree = "<group>";
		};
		3033CDFE1DA554B500A6FAFA /* Supporting Files */ = {
			isa = PBXGroup;
			children = (
				3033CDFF1DA554B500A6FAFA /* main.m */,
			);
			name = "Supporting Files";
			sourceTree = "<group>";
		};
/* End PBXGroup section */

/* Begin PBXNativeTarget section */
		3033CDFA1DA554B400A6FAFA /* Restaurantes */ = {
			isa = PBXNativeTarget;
			buildConfigurationList = 3033CE151DA554B500A6FAFA /* Build configuration list for PBXNativeTarget "Restaurantes" */;
			buildPhases = (
				3033CDF71DA554B400A6FAFA /* Sources */,
				3033CDF81DA554B400A6FAFA /* Frameworks */,
				3033CDF91DA554B400A6FAFA /* Resources */,
			);
			buildRules = (
			);
			dependencies = (
			);
			name = Restaurantes;
			productName = Restaurantes;
			productReference = 3033CDFB1DA554B400A6FAFA /* Restaurantes.app */;
			productType = "com.apple.product-type.application";
		};
/* End PBXNativeTarget section */

/* Begin PBXProject section */
		3033CDF31DA554B400A6FAFA /* Project object */ = {
			isa = PBXProject;
			attributes = {
				LastUpgradeCheck = 0800;
				ORGANIZATIONNAME = RGStudio;
				TargetAttributes = {
					3033CDFA1DA554B400A6FAFA = {
						CreatedOnToolsVersion = 8.0;
						DevelopmentTeam = 36CDGH73DP;
						ProvisioningStyle = Automatic;
					};
				};
			};
			buildConfigurationList = 3033CDF61DA554B400A6FAFA /* Build configuration list for PBXProject "Restaurantes" */;
			compatibilityVersion = "Xcode 3.2";
			developmentRegion = English;
			hasScannedForEncodings = 0;
			knownRegions = (
				en,
				Base,
			);
			mainGroup = 3033CDF21DA554B400A6FAFA;
			productRefGroup = 3033CDFC1DA554B400A6FAFA /* Products */;
			projectDirPath = "";
			projectRoot = "";
			targets = (
				3033CDFA1DA554B400A6FAFA /* Restaurantes */,
			);
		};
/* End PBXProject section */

/* Begin PBXResourcesBuildPhase section */
		3033CDF91DA554B400A6FAFA /* Resources */ = {
			isa = PBXResourcesBuildPhase;
			buildActionMask = 2147483647;
			files = (
				3033CE111DA554B500A6FAFA /* LaunchScreen.storyboard in Resources */,
				3033CE0E1DA554B500A6FAFA /* Assets.xcassets in Resources */,
				3033CE0C1DA554B500A6FAFA /* Main.storyboard in Resources */,
			);
			runOnlyForDeploymentPostprocessing = 0;
		};
/* End PBXResourcesBuildPhase section */

/* Begin PBXSourcesBuildPhase section */
		3033CDF71DA554B400A6FAFA /* Sources */ = {
			isa = PBXSourcesBuildPhase;
			buildActionMask = 2147483647;
			files = (
				3033CE091DA554B500A6FAFA /* SecondViewController.m in Sources */,
				3033CE031DA554B500A6FAFA /* AppDelegate.m in Sources */,
				3033CE061DA554B500A6FAFA /* FirstViewController.m in Sources */,
				3033CE001DA554B500A6FAFA /* main.m in Sources */,
			);
			runOnlyForDeploymentPostprocessing = 0;
		};
/* End PBXSourcesBuildPhase section */

/* Begin PBXVariantGroup section */
		3033CE0A1DA554B500A6FAFA /* Main.storyboard */ = {
			isa = PBXVariantGroup;
			children = (
				3033CE0B1DA554B500A6FAFA /* Base */,
			);
			name = Main.storyboard;
			sourceTree = "<group>";
		};
		3033CE0F1DA554B500A6FAFA /* LaunchScreen.storyboard */ = {
			isa = PBXVariantGroup;
			children = (
				3033CE101DA554B500A6FAFA /* Base */,
			);
			name = LaunchScreen.storyboard;
			sourceTree = "<group>";
		};
/* End PBXVariantGroup section */

/* Begin XCBuildConfiguration section */
		3033CE131DA554B500A6FAFA /* Debug */ = {
			isa = XCBuildConfiguration;
			buildSettings = {
				ALWAYS_SEARCH_USER_PATHS = NO;
				CLANG_ANALYZER_NONNULL = YES;
				CLANG_CXX_LANGUAGE_STANDARD = "gnu++0x";
				CLANG_CXX_LIBRARY = "libc++";
				CLANG_ENABLE_MODULES = YES;
				CLANG_ENABLE_OBJC_ARC = YES;
				CLANG_WARN_BOOL_CONVERSION = YES;
				CLANG_WARN_CONSTANT_CONVERSION = YES;
				CLANG_WARN_DIRECT_OBJC_ISA_USAGE = YES_ERROR;
				CLANG_WARN_DOCUMENTATION_COMMENTS = YES;
				CLANG_WARN_EMPTY_BODY = YES;
				CLANG_WARN_ENUM_CONVERSION = YES;
				CLANG_WARN_INFINITE_RECURSION = YES;
				CLANG_WARN_INT_CONVERSION = YES;
				CLANG_WARN_OBJC_ROOT_CLASS = YES_ERROR;
				CLANG_WARN_SUSPICIOUS_MOVES = YES;
				CLANG_WARN_UNREACHABLE_CODE = YES;
				CLANG_WARN__DUPLICATE_METHOD_MATCH = YES;
				"CODE_SIGN_IDENTITY[sdk=iphoneos*]" = "iPhone Developer";
				COPY_PHASE_STRIP = NO;
				DEBUG_INFORMATION_FORMAT = dwarf;
				ENABLE_STRICT_OBJC_MSGSEND = YES;
				ENABLE_TESTABILITY = YES;
				GCC_C_LANGUAGE_STANDARD = gnu99;
				GCC_DYNAMIC_NO_PIC = NO;
				GCC_NO_COMMON_BLOCKS = YES;
				GCC_OPTIMIZATION_LEVEL = 0;
				GCC_PREPROCESSOR_DEFINITIONS = (
					"DEBUG=1",
					"$(inherited)",
				);
				GCC_WARN_64_TO_32_BIT_CONVERSION = YES;
				GCC_WARN_ABOUT_RETURN_TYPE = YES_ERROR;
				GCC_WARN_UNDECLARED_SELECTOR = YES;
				GCC_WARN_UNINITIALIZED_AUTOS = YES_AGGRESSIVE;
				GCC_WARN_UNUSED_FUNCTION = YES;
				GCC_WARN_UNUSED_VARIABLE = YES;
				IPHONEOS_DEPLOYMENT_TARGET = 10.0;
				MTL_ENABLE_DEBUG_INFO = YES;
				ONLY_ACTIVE_ARCH = YES;
				SDKROOT = iphoneos;
				TARGETED_DEVICE_FAMILY = "1,2";
			};
			name = Debug;
		};
		3033CE141DA554B500A6FAFA /* Release */ = {
			isa = XCBuildConfiguration;
			buildSettings = {
				ALWAYS_SEARCH_USER_PATHS = NO;
				CLANG_ANALYZER_NONNULL = YES;
				CLANG_CXX_LANGUAGE_STANDARD = "gnu++0x";
				CLANG_CXX_LIBRARY = "libc++";
				CLANG_ENABLE_MODULES = YES;
				CLANG_ENABLE_OBJC_ARC = YES;
				CLANG_WARN_BOOL_CONVERSION = YES;
				CLANG_WARN_CONSTANT_CONVERSION = YES;
				CLANG_WARN_DIRECT_OBJC_ISA_USAGE = YES_ERROR;
				CLANG_WARN_DOCUMENTATION_COMMENTS = YES;
				CLANG_WARN_EMPTY_BODY = YES;
				CLANG_WARN_ENUM_CONVERSION = YES;
				CLANG_WARN_INFINITE_RECURSION = YES;
				CLANG_WARN_INT_CONVERSION = YES;
				CLANG_WARN_OBJC_ROOT_CLASS = YES_ERROR;
				CLANG_WARN_SUSPICIOUS_MOVES = YES;
				CLANG_WARN_UNREACHABLE_CODE = YES;
				CLANG_WARN__DUPLICATE_METHOD_MATCH = YES;
				"CODE_SIGN_IDENTITY[sdk=iphoneos*]" = "iPhone Developer";
				COPY_PHASE_STRIP = NO;
				DEBUG_INFORMATION_FORMAT = "dwarf-with-dsym";
				ENABLE_NS_ASSERTIONS = NO;
				ENABLE_STRICT_OBJC_MSGSEND = YES;
				GCC_C_LANGUAGE_STANDARD = gnu99;
				GCC_NO_COMMON_BLOCKS = YES;
				GCC_WARN_64_TO_32_BIT_CONVERSION = YES;
				GCC_WARN_ABOUT_RETURN_TYPE = YES_ERROR;
				GCC_WARN_UNDECLARED_SELECTOR = YES;
				GCC_WARN_UNINITIALIZED_AUTOS = YES_AGGRESSIVE;
				GCC_WARN_UNUSED_FUNCTION = YES;
				GCC_WARN_UNUSED_VARIABLE = YES;
				IPHONEOS_DEPLOYMENT_TARGET = 10.0;
				MTL_ENABLE_DEBUG_INFO = NO;
				SDKROOT = iphoneos;
				TARGETED_DEVICE_FAMILY = "1,2";
				VALIDATE_PRODUCT = YES;
			};
			name = Release;
		};
		3033CE161DA554B500A6FAFA /* Debug */ = {
			isa = XCBuildConfiguration;
			buildSettings = {
				ASSETCATALOG_COMPILER_APPICON_NAME = AppIcon;
				DEVELOPMENT_TEAM = 36CDGH73DP;
				INFOPLIST_FILE = Restaurantes/Info.plist;
				LD_RUNPATH_SEARCH_PATHS = "$(inherited) @executable_path/Frameworks";
				PRODUCT_BUNDLE_IDENTIFIER = com.rgstudio.Restaurantes;
				PRODUCT_NAME = "$(TARGET_NAME)";
			};
			name = Debug;
		};
		3033CE171DA554B500A6FAFA /* Release */ = {
			isa = XCBuildConfiguration;
			buildSettings = {
				ASSETCATALOG_COMPILER_APPICON_NAME = AppIcon;
				DEVELOPMENT_TEAM = 36CDGH73DP;
				INFOPLIST_FILE = Restaurantes/Info.plist;
				LD_RUNPATH_SEARCH_PATHS = "$(inherited) @executable_path/Frameworks";
				PRODUCT_BUNDLE_IDENTIFIER = com.rgstudio.Restaurantes;
				PRODUCT_NAME = "$(TARGET_NAME)";
			};
			name = Release;
		};
/* End XCBuildConfiguration section */

/* Begin XCConfigurationList section */
		3033CDF61DA554B400A6FAFA /* Build configuration list for PBXProject "Restaurantes" */ = {
			isa = XCConfigurationList;
			buildConfigurations = (
				3033CE131DA554B500A6FAFA /* Debug */,
				3033CE141DA554B500A6FAFA /* Release */,
			);
			defaultConfigurationIsVisible = 0;
			defaultConfigurationName = Release;
		};
		3033CE151DA554B500A6FAFA /* Build configuration list for PBXNativeTarget "Restaurantes" */ = {
			isa = XCConfigurationList;
			buildConfigurations = (
				3033CE161DA554B500A6FAFA /* Debug */,
				3033CE171DA554B500A6FAFA /* Release */,
			);
			defaultConfigurationIsVisible = 0;
		};
/* End XCConfigurationList section */
	};
	rootObject = 3033CDF31DA554B400A6FAFA /* Project object */;
}
